<?xml version="1.0" encoding="utf-8"?>
<Project ToolsVersion="4.0" xmlns="http://schemas.microsoft.com/developer/msbuild/2003">
  <ItemGroup>
    <Filter Include="소스 파일">
      <UniqueIdentifier>{4FC737F1-C7A5-4376-A066-2A32D752A2FF}</UniqueIdentifier>
      <Extensions>cpp;c;cc;cxx;c++;cppm;ixx;def;odl;idl;hpj;bat;asm;asmx</Extensions>
    </Filter>
    <Filter Include="헤더 파일">
      <UniqueIdentifier>{93995380-89BD-4b04-88EB-625FBE52EBFB}</UniqueIdentifier>
      <Extensions>h;hh;hpp;hxx;h++;hm;inl;inc;ipp;xsd</Extensions>
    </Filter>
    <Filter Include="리소스 파일">
      <UniqueIdentifier>{67DA6AB6-F800-4c08-8B7A-83BB121AAD01}</UniqueIdentifier>
      <Extensions>rc;ico;cur;bmp;dlg;rc2;rct;bin;rgs;gif;jpg;jpeg;jpe;resx;tiff;tif;png;wav;mfcribbon-ms</Extensions>
    </Filter>
    <Filter Include="Core">
      <UniqueIdentifier>{1fe7aff7-2266-4bde-b449-b41895f378d2}</UniqueIdentifier>
    </Filter>
    <Filter Include="Components">
      <UniqueIdentifier>{9c93f76b-176d-4e03-b970-3225c1ed07f7}</UniqueIdentifier>
    </Filter>
    <Filter Include="Resource">
      <UniqueIdentifier>{572d3ccb-92a1-434a-9a01-6b7262fc9fb2}</UniqueIdentifier>
    </Filter>
    <Filter Include="Component_Managers">
      <UniqueIdentifier>{16579667-0328-4af5-b109-fdd940bf7050}</UniqueIdentifier>
    </Filter>
    <Filter Include="DX_Graphics">
      <UniqueIdentifier>{118fcaf8-6336-4840-8e7f-48ca2c448ec5}</UniqueIdentifier>
    </Filter>
    <Filter Include="shaders">
      <UniqueIdentifier>{717d1b20-7191-4dba-b767-dbfc370d1e61}</UniqueIdentifier>
    </Filter>
  </ItemGroup>
  <ItemGroup>
    <ClInclude Include="Resource.h">
      <Filter>헤더 파일</Filter>
    </ClInclude>
    <ClInclude Include="My_Game_Project.h">
      <Filter>헤더 파일</Filter>
    </ClInclude>
    <ClInclude Include="pch.h">
      <Filter>헤더 파일</Filter>
    </ClInclude>
    <ClInclude Include="GameEngine.h">
      <Filter>헤더 파일</Filter>
    </ClInclude>
    <ClInclude Include="Engine\Core\Component.h">
      <Filter>Core</Filter>
    </ClInclude>
    <ClInclude Include="Engine\Core\ComponentRegistry.h">
      <Filter>Core</Filter>
    </ClInclude>
    <ClInclude Include="Engine\Components\CameraComponent.h">
      <Filter>Components</Filter>
    </ClInclude>
    <ClInclude Include="Engine\Components\ColliderComponent.h">
      <Filter>Components</Filter>
    </ClInclude>
    <ClInclude Include="Engine\Components\MeshRendererComponent.h">
      <Filter>Components</Filter>
    </ClInclude>
    <ClInclude Include="Engine\Components\TransformComponent.h">
      <Filter>Components</Filter>
    </ClInclude>
    <ClInclude Include="Engine\Managers\PhysicsManager.h">
      <Filter>Component_Managers</Filter>
    </ClInclude>
    <ClInclude Include="Engine\Managers\RendererManager.h">
      <Filter>Component_Managers</Filter>
    </ClInclude>
    <ClInclude Include="Engine\Resource\Mesh.h">
      <Filter>Resource</Filter>
    </ClInclude>
    <ClInclude Include="Engine\Resource\ResourceManager.h">
      <Filter>Resource</Filter>
    </ClInclude>
    <ClInclude Include="Engine\Resource\Game_Resource.h">
      <Filter>Resource</Filter>
    </ClInclude>
    <ClInclude Include="Engine\Resource\ResourceRegistry.h">
      <Filter>Resource</Filter>
    </ClInclude>
    <ClInclude Include="Engine\Resource\Texture.h">
      <Filter>Resource</Filter>
    </ClInclude>
    <ClInclude Include="Engine\Resource\Material.h">
      <Filter>Resource</Filter>
    </ClInclude>
    <ClInclude Include="Engine\DX_Graphics\DescriptorManager.h">
      <Filter>DX_Graphics</Filter>
    </ClInclude>
    <ClInclude Include="Engine\DX_Graphics\Renderer.h">
      <Filter>DX_Graphics</Filter>
    </ClInclude>
    <ClInclude Include="Engine\DX_Graphics\DDSTextureLoader12.h">
      <Filter>DX_Graphics</Filter>
    </ClInclude>
    <ClInclude Include="Engine\DX_Graphics\WICTextureLoader12.h">
      <Filter>DX_Graphics</Filter>
    </ClInclude>
    <ClInclude Include="Engine\DX_Graphics\ResourceUtils.h">
      <Filter>DX_Graphics</Filter>
    </ClInclude>
    <ClInclude Include="Engine\DX_Graphics\Graphic_RootSignature.h">
      <Filter>DX_Graphics</Filter>
    </ClInclude>
    <ClInclude Include="Engine\DX_Graphics\Graphic_Shader.h">
      <Filter>DX_Graphics</Filter>
    </ClInclude>
    <ClInclude Include="Engine\DX_Graphics\PipelineDescFactory.h">
      <Filter>DX_Graphics</Filter>
    </ClInclude>
    <ClInclude Include="Engine\Core\Scene.h">
      <Filter>Core</Filter>
    </ClInclude>
    <ClInclude Include="Scene_Manager.h">
      <Filter>헤더 파일</Filter>
    </ClInclude>
    <ClInclude Include="Engine\Core\Object.h">
      <Filter>Core</Filter>
    </ClInclude>
    <ClInclude Include="Engine\Resource\Model.h">
      <Filter>Resource</Filter>
    </ClInclude>
  </ItemGroup>
  <ItemGroup>
    <ClCompile Include="My_Game_Project.cpp">
      <Filter>소스 파일</Filter>
    </ClCompile>
    <ClCompile Include="pch.cpp">
      <Filter>소스 파일</Filter>
    </ClCompile>
    <ClCompile Include="GameEngine.cpp">
      <Filter>소스 파일</Filter>
    </ClCompile>
    <ClCompile Include="Engine\Core\Component.cpp">
      <Filter>Core</Filter>
    </ClCompile>
    <ClCompile Include="Engine\Core\ComponentRegistry.cpp">
      <Filter>Core</Filter>
    </ClCompile>
    <ClCompile Include="Engine\Components\CameraComponent.cpp">
      <Filter>Components</Filter>
    </ClCompile>
    <ClCompile Include="Engine\Components\ColliderComponent.cpp">
      <Filter>Components</Filter>
    </ClCompile>
    <ClCompile Include="Engine\Components\MeshRendererComponent.cpp">
      <Filter>Components</Filter>
    </ClCompile>
    <ClCompile Include="Engine\Components\TransformComponent.cpp">
      <Filter>Components</Filter>
    </ClCompile>
    <ClCompile Include="Engine\Managers\PhysicsManager.cpp">
      <Filter>Component_Managers</Filter>
    </ClCompile>
    <ClCompile Include="Engine\Managers\RendererManager.cpp">
      <Filter>Component_Managers</Filter>
    </ClCompile>
    <ClCompile Include="Engine\Resource\Mesh.cpp">
      <Filter>Resource</Filter>
    </ClCompile>
    <ClCompile Include="Engine\Resource\ResourceManager.cpp">
      <Filter>Resource</Filter>
    </ClCompile>
    <ClCompile Include="Engine\Resource\Game_Resource.cpp">
      <Filter>Resource</Filter>
    </ClCompile>
    <ClCompile Include="Engine\Resource\ResourceRegistry.cpp">
      <Filter>Resource</Filter>
    </ClCompile>
    <ClCompile Include="Engine\Resource\Texture.cpp">
      <Filter>Resource</Filter>
    </ClCompile>
    <ClCompile Include="Engine\Resource\Material.cpp">
      <Filter>Resource</Filter>
    </ClCompile>
    <ClCompile Include="Engine\DX_Graphics\DescriptorManager.cpp">
      <Filter>DX_Graphics</Filter>
    </ClCompile>
    <ClCompile Include="Engine\DX_Graphics\Renderer.cpp">
      <Filter>DX_Graphics</Filter>
    </ClCompile>
    <ClCompile Include="Engine\DX_Graphics\DDSTextureLoader12.cpp">
      <Filter>DX_Graphics</Filter>
    </ClCompile>
    <ClCompile Include="Engine\DX_Graphics\WICTextureLoader12.cpp">
      <Filter>DX_Graphics</Filter>
    </ClCompile>
    <ClCompile Include="Engine\DX_Graphics\ResourceUtils.cpp">
      <Filter>DX_Graphics</Filter>
    </ClCompile>
    <ClCompile Include="Engine\DX_Graphics\Graphic_RootSignature.cpp">
      <Filter>DX_Graphics</Filter>
    </ClCompile>
    <ClCompile Include="Engine\DX_Graphics\Graphic_Shader.cpp">
      <Filter>DX_Graphics</Filter>
    </ClCompile>
    <ClCompile Include="Engine\DX_Graphics\PipelineDescFactory.cpp">
      <Filter>DX_Graphics</Filter>
    </ClCompile>
    <ClCompile Include="Engine\Core\Scene.cpp">
      <Filter>Core</Filter>
    </ClCompile>
    <ClCompile Include="Scene_Manager.cpp">
      <Filter>소스 파일</Filter>
    </ClCompile>
    <ClCompile Include="Engine\Core\Object.cpp">
      <Filter>Core</Filter>
    </ClCompile>
    <ClCompile Include="Engine\Resource\Model.cpp">
      <Filter>Resource</Filter>
    </ClCompile>
  </ItemGroup>
  <ItemGroup>
    <ResourceCompile Include="My_Game_Engine.rc">
      <Filter>리소스 파일</Filter>
    </ResourceCompile>
  </ItemGroup>
  <ItemGroup>
    <Image Include="small.ico">
      <Filter>리소스 파일</Filter>
    </Image>
    <Image Include="My_Game_Engine.ico">
      <Filter>리소스 파일</Filter>
    </Image>
  </ItemGroup>
  <ItemGroup>
    <FxCompile Include="shaders\Geometry_Shader.hlsl">
      <Filter>shaders</Filter>
    </FxCompile>
    <FxCompile Include="shaders\Blit_Shader.hlsl">
      <Filter>shaders</Filter>
    </FxCompile>
    <FxCompile Include="shaders\Composite_Shader.hlsl">
      <Filter>shaders</Filter>
    </FxCompile>
    <FxCompile Include="shaders\PostProcess_Shader.hlsl">
      <Filter>shaders</Filter>
    </FxCompile>
  </ItemGroup>
</Project>